// !$*UTF8*$!
{
	archiveVersion = 1;
	classes = {
	};
	objectVersion = 50;
	objects = {

/* Begin PBXBuildFile section */
		EBFEE4DB26EE663900F1496D /* AppDelegate.swift in Sources */ = {isa = PBXBuildFile; fileRef = EBFEE4DA26EE663900F1496D /* AppDelegate.swift */; };
		EBFEE4DD26EE663900F1496D /* SceneDelegate.swift in Sources */ = {isa = PBXBuildFile; fileRef = EBFEE4DC26EE663900F1496D /* SceneDelegate.swift */; };
		EBFEE4DF26EE663900F1496D /* ViewController.swift in Sources */ = {isa = PBXBuildFile; fileRef = EBFEE4DE26EE663900F1496D /* ViewController.swift */; };
		EBFEE4E226EE663900F1496D /* Main.storyboard in Resources */ = {isa = PBXBuildFile; fileRef = EBFEE4E026EE663900F1496D /* Main.storyboard */; };
		EBFEE4E526EE663900F1496D /* DressesApp.xcdatamodeld in Sources */ = {isa = PBXBuildFile; fileRef = EBFEE4E326EE663900F1496D /* DressesApp.xcdatamodeld */; };
		EBFEE4E726EE663B00F1496D /* Assets.xcassets in Resources */ = {isa = PBXBuildFile; fileRef = EBFEE4E626EE663B00F1496D /* Assets.xcassets */; };
		EBFEE4EA26EE663C00F1496D /* LaunchScreen.storyboard in Resources */ = {isa = PBXBuildFile; fileRef = EBFEE4E826EE663C00F1496D /* LaunchScreen.storyboard */; };
		EBFEE4F626EE679B00F1496D /* SampleData.plist in Resources */ = {isa = PBXBuildFile; fileRef = EBFEE4F526EE679B00F1496D /* SampleData.plist */; };
		EBFEE4FA26EE6ED200F1496D /* Dresses+CoreDataClass.swift in Sources */ = {isa = PBXBuildFile; fileRef = EBFEE4F826EE6ED200F1496D /* Dresses+CoreDataClass.swift */; };
		EBFEE4FB26EE6ED200F1496D /* Dresses+CoreDataProperties.swift in Sources */ = {isa = PBXBuildFile; fileRef = EBFEE4F926EE6ED200F1496D /* Dresses+CoreDataProperties.swift */; };
/* End PBXBuildFile section */

/* Begin PBXFileReference section */
		EBFEE4D726EE663900F1496D /* DressesApp.app */ = {isa = PBXFileReference; explicitFileType = wrapper.application; includeInIndex = 0; path = DressesApp.app; sourceTree = BUILT_PRODUCTS_DIR; };
		EBFEE4DA26EE663900F1496D /* AppDelegate.swift */ = {isa = PBXFileReference; lastKnownFileType = sourcecode.swift; path = AppDelegate.swift; sourceTree = "<group>"; };
		EBFEE4DC26EE663900F1496D /* SceneDelegate.swift */ = {isa = PBXFileReference; lastKnownFileType = sourcecode.swift; path = SceneDelegate.swift; sourceTree = "<group>"; };
		EBFEE4DE26EE663900F1496D /* ViewController.swift */ = {isa = PBXFileReference; lastKnownFileType = sourcecode.swift; path = ViewController.swift; sourceTree = "<group>"; };
		EBFEE4E126EE663900F1496D /* Base */ = {isa = PBXFileReference; lastKnownFileType = file.storyboard; name = Base; path = Base.lproj/Main.storyboard; sourceTree = "<group>"; };
		EBFEE4E426EE663900F1496D /* DressesApp.xcdatamodel */ = {isa = PBXFileReference; lastKnownFileType = wrapper.xcdatamodel; path = DressesApp.xcdatamodel; sourceTree = "<group>"; };
		EBFEE4E626EE663B00F1496D /* Assets.xcassets */ = {isa = PBXFileReference; lastKnownFileType = folder.assetcatalog; path = Assets.xcassets; sourceTree = "<group>"; };
		EBFEE4E926EE663C00F1496D /* Base */ = {isa = PBXFileReference; lastKnownFileType = file.storyboard; name = Base; path = Base.lproj/LaunchScreen.storyboard; sourceTree = "<group>"; };
		EBFEE4EB26EE663C00F1496D /* Info.plist */ = {isa = PBXFileReference; lastKnownFileType = text.plist.xml; path = Info.plist; sourceTree = "<group>"; };
		EBFEE4F526EE679B00F1496D /* SampleData.plist */ = {isa = PBXFileReference; fileEncoding = 4; lastKnownFileType = text.plist.xml; path = SampleData.plist; sourceTree = "<group>"; };
		EBFEE4F826EE6ED200F1496D /* Dresses+CoreDataClass.swift */ = {isa = PBXFileReference; lastKnownFileType = sourcecode.swift; path = "Dresses+CoreDataClass.swift"; sourceTree = "<group>"; };
		EBFEE4F926EE6ED200F1496D /* Dresses+CoreDataProperties.swift */ = {isa = PBXFileReference; lastKnownFileType = sourcecode.swift; path = "Dresses+CoreDataProperties.swift"; sourceTree = "<group>"; };
/* End PBXFileReference section */

/* Begin PBXFrameworksBuildPhase section */
		EBFEE4D426EE663900F1496D /* Frameworks */ = {
			isa = PBXFrameworksBuildPhase;
			buildActionMask = 2147483647;
			files = (
			);
			runOnlyForDeploymentPostprocessing = 0;
		};
/* End PBXFrameworksBuildPhase section */

/* Begin PBXGroup section */
		EBFEE4CE26EE663900F1496D = {
			isa = PBXGroup;
			children = (
				EBFEE4D926EE663900F1496D /* DressesApp */,
				EBFEE4D826EE663900F1496D /* Products */,
			);
			sourceTree = "<group>";
		};
		EBFEE4D826EE663900F1496D /* Products */ = {
			isa = PBXGroup;
			children = (
				EBFEE4D726EE663900F1496D /* DressesApp.app */,
			);
			name = Products;
			sourceTree = "<group>";
		};
		EBFEE4D926EE663900F1496D /* DressesApp */ = {
			isa = PBXGroup;
			children = (
				EBFEE4F726EE67C800F1496D /* Model */,
				EBFEE4F226EE669A00F1496D /* Views & Assets */,
				EBFEE4F126EE668300F1496D /* View Controllers */,
				EBFEE4DA26EE663900F1496D /* AppDelegate.swift */,
				EBFEE4DC26EE663900F1496D /* SceneDelegate.swift */,
				EBFEE4EB26EE663C00F1496D /* Info.plist */,
			);
			path = DressesApp;
			sourceTree = "<group>";
		};
		EBFEE4F126EE668300F1496D /* View Controllers */ = {
			isa = PBXGroup;
			children = (
				EBFEE4DE26EE663900F1496D /* ViewController.swift */,
			);
			path = "View Controllers";
			sourceTree = "<group>";
		};
		EBFEE4F226EE669A00F1496D /* Views & Assets */ = {
			isa = PBXGroup;
			children = (
				EBFEE4F526EE679B00F1496D /* SampleData.plist */,
				EBFEE4E826EE663C00F1496D /* LaunchScreen.storyboard */,
				EBFEE4E626EE663B00F1496D /* Assets.xcassets */,
				EBFEE4E026EE663900F1496D /* Main.storyboard */,
			);
			path = "Views & Assets";
			sourceTree = "<group>";
		};
		EBFEE4F726EE67C800F1496D /* Model */ = {
			isa = PBXGroup;
			children = (
				EBFEE4F826EE6ED200F1496D /* Dresses+CoreDataClass.swift */,
				EBFEE4F926EE6ED200F1496D /* Dresses+CoreDataProperties.swift */,
				EBFEE4E326EE663900F1496D /* DressesApp.xcdatamodeld */,
			);
			path = Model;
			sourceTree = "<group>";
		};
/* End PBXGroup section */

/* Begin PBXNativeTarget section */
		EBFEE4D626EE663900F1496D /* DressesApp */ = {
			isa = PBXNativeTarget;
			buildConfigurationList = EBFEE4EE26EE663C00F1496D /* Build configuration list for PBXNativeTarget "DressesApp" */;
			buildPhases = (
				EBFEE4D326EE663900F1496D /* Sources */,
				EBFEE4D426EE663900F1496D /* Frameworks */,
				EBFEE4D526EE663900F1496D /* Resources */,
			);
			buildRules = (
			);
			dependencies = (
			);
			name = DressesApp;
			productName = DressesApp;
			productReference = EBFEE4D726EE663900F1496D /* DressesApp.app */;
			productType = "com.apple.product-type.application";
		};
/* End PBXNativeTarget section */

/* Begin PBXProject section */
		EBFEE4CF26EE663900F1496D /* Project object */ = {
			isa = PBXProject;
			attributes = {
				LastSwiftUpdateCheck = 1250;
				LastUpgradeCheck = 1250;
				TargetAttributes = {
					EBFEE4D626EE663900F1496D = {
						CreatedOnToolsVersion = 12.5.1;
					};
				};
			};
			buildConfigurationList = EBFEE4D226EE663900F1496D /* Build configuration list for PBXProject "DressesApp" */;
			compatibilityVersion = "Xcode 9.3";
			developmentRegion = en;
			hasScannedForEncodings = 0;
			knownRegions = (
				en,
				Base,
			);
			mainGroup = EBFEE4CE26EE663900F1496D;
			productRefGroup = EBFEE4D826EE663900F1496D /* Products */;
			projectDirPath = "";
			projectRoot = "";
			targets = (
				EBFEE4D626EE663900F1496D /* DressesApp */,
			);
		};
/* End PBXProject section */

/* Begin PBXResourcesBuildPhase section */
		EBFEE4D526EE663900F1496D /* Resources */ = {
			isa = PBXResourcesBuildPhase;
			buildActionMask = 2147483647;
			files = (
				EBFEE4EA26EE663C00F1496D /* LaunchScreen.storyboard in Resources */,
				EBFEE4E726EE663B00F1496D /* Assets.xcassets in Resources */,
				EBFEE4F626EE679B00F1496D /* SampleData.plist in Resources */,
				EBFEE4E226EE663900F1496D /* Main.storyboard in Resources */,
			);
			runOnlyForDeploymentPostprocessing = 0;
		};
/* End PBXResourcesBuildPhase section */

/* Begin PBXSourcesBuildPhase section */
		EBFEE4D326EE663900F1496D /* Sources */ = {
			isa = PBXSourcesBuildPhase;
			buildActionMask = 2147483647;
			files = (
				EBFEE4DF26EE663900F1496D /* ViewController.swift in Sources */,
				EBFEE4FA26EE6ED200F1496D /* Dresses+CoreDataClass.swift in Sources */,
				EBFEE4FB26EE6ED200F1496D /* Dresses+CoreDataProperties.swift in Sources */,
				EBFEE4E526EE663900F1496D /* DressesApp.xcdatamodeld in Sources */,
				EBFEE4DB26EE663900F1496D /* AppDelegate.swift in Sources */,
				EBFEE4DD26EE663900F1496D /* SceneDelegate.swift in Sources */,
			);
			runOnlyForDeploymentPostprocessing = 0;
		};
/* End PBXSourcesBuildPhase section */

/* Begin PBXVariantGroup section */
		EBFEE4E026EE663900F1496D /* Main.storyboard */ = {
			isa = PBXVariantGroup;
			children = (
				EBFEE4E126EE663900F1496D /* Base */,
			);
			name = Main.storyboard;
			sourceTree = "<group>";
		};
		EBFEE4E826EE663C00F1496D /* LaunchScreen.storyboard */ = {
			isa = PBXVariantGroup;
			children = (
				EBFEE4E926EE663C00F1496D /* Base */,
			);
			name = LaunchScreen.storyboard;
			sourceTree = "<group>";
		};
/* End PBXVariantGroup section */

/* Begin XCBuildConfiguration section */
		EBFEE4EC26EE663C00F1496D /* Debug */ = {
			isa = XCBuildConfiguration;
			buildSettings = {
				ALWAYS_SEARCH_USER_PATHS = NO;
				CLANG_ANALYZER_NONNULL = YES;
				CLANG_ANALYZER_NUMBER_OBJECT_CONVERSION = YES_AGGRESSIVE;
				CLANG_CXX_LANGUAGE_STANDARD = "gnu++14";
				CLANG_CXX_LIBRARY = "libc++";
				CLANG_ENABLE_MODULES = YES;
				CLANG_ENABLE_OBJC_ARC = YES;
				CLANG_ENABLE_OBJC_WEAK = YES;
				CLANG_WARN_BLOCK_CAPTURE_AUTORELEASING = YES;
				CLANG_WARN_BOOL_CONVERSION = YES;
				CLANG_WARN_COMMA = YES;
				CLANG_WARN_CONSTANT_CONVERSION = YES;
				CLANG_WARN_DEPRECATED_OBJC_IMPLEMENTATIONS = YES;
				CLANG_WARN_DIRECT_OBJC_ISA_USAGE = YES_ERROR;
				CLANG_WARN_DOCUMENTATION_COMMENTS = YES;
				CLANG_WARN_EMPTY_BODY = YES;
				CLANG_WARN_ENUM_CONVERSION = YES;
				CLANG_WARN_INFINITE_RECURSION = YES;
				CLANG_WARN_INT_CONVERSION = YES;
				CLANG_WARN_NON_LITERAL_NULL_CONVERSION = YES;
				CLANG_WARN_OBJC_IMPLICIT_RETAIN_SELF = YES;
				CLANG_WARN_OBJC_LITERAL_CONVERSION = YES;
				CLANG_WARN_OBJC_ROOT_CLASS = YES_ERROR;
				CLANG_WARN_QUOTED_INCLUDE_IN_FRAMEWORK_HEADER = YES;
				CLANG_WARN_RANGE_LOOP_ANALYSIS = YES;
				CLANG_WARN_STRICT_PROTOTYPES = YES;
				CLANG_WARN_SUSPICIOUS_MOVE = YES;
				CLANG_WARN_UNGUARDED_AVAILABILITY = YES_AGGRESSIVE;
				CLANG_WARN_UNREACHABLE_CODE = YES;
				CLANG_WARN__DUPLICATE_METHOD_MATCH = YES;
				COPY_PHASE_STRIP = NO;
				DEBUG_INFORMATION_FORMAT = dwarf;
				ENABLE_STRICT_OBJC_MSGSEND = YES;
				ENABLE_TESTABILITY = YES;
				GCC_C_LANGUAGE_STANDARD = gnu11;
				GCC_DYNAMIC_NO_PIC = NO;
				GCC_NO_COMMON_BLOCKS = YES;
				GCC_OPTIMIZATION_LEVEL = 0;
				GCC_PREPROCESSOR_DEFINITIONS = (
					"DEBUG=1",
					"$(inherited)",
				);
				GCC_WARN_64_TO_32_BIT_CONVERSION = YES;
				GCC_WARN_ABOUT_RETURN_TYPE = YES_ERROR;
				GCC_WARN_UNDECLARED_SELECTOR = YES;
				GCC_WARN_UNINITIALIZED_AUTOS = YES_AGGRESSIVE;
				GCC_WARN_UNUSED_FUNCTION = YES;
				GCC_WARN_UNUSED_VARIABLE = YES;
				IPHONEOS_DEPLOYMENT_TARGET = 14.5;
				MTL_ENABLE_DEBUG_INFO = INCLUDE_SOURCE;
				MTL_FAST_MATH = YES;
				ONLY_ACTIVE_ARCH = YES;
				SDKROOT = iphoneos;
				SWIFT_ACTIVE_COMPILATION_CONDITIONS = DEBUG;
				SWIFT_OPTIMIZATION_LEVEL = "-Onone";
			};
			name = Debug;
		};
		EBFEE4ED26EE663C00F1496D /* Release */ = {
			isa = XCBuildConfiguration;
			buildSettings = {
				ALWAYS_SEARCH_USER_PATHS = NO;
				CLANG_ANALYZER_NONNULL = YES;
				CLANG_ANALYZER_NUMBER_OBJECT_CONVERSION = YES_AGGRESSIVE;
				CLANG_CXX_LANGUAGE_STANDARD = "gnu++14";
				CLANG_CXX_LIBRARY = "libc++";
				CLANG_ENABLE_MODULES = YES;
				CLANG_ENABLE_OBJC_ARC = YES;
				CLANG_ENABLE_OBJC_WEAK = YES;
				CLANG_WARN_BLOCK_CAPTURE_AUTORELEASING = YES;
				CLANG_WARN_BOOL_CONVERSION = YES;
				CLANG_WARN_COMMA = YES;
				CLANG_WARN_CONSTANT_CONVERSION = YES;
				CLANG_WARN_DEPRECATED_OBJC_IMPLEMENTATIONS = YES;
				CLANG_WARN_DIRECT_OBJC_ISA_USAGE = YES_ERROR;
				CLANG_WARN_DOCUMENTATION_COMMENTS = YES;
				CLANG_WARN_EMPTY_BODY = YES;
				CLANG_WARN_ENUM_CONVERSION = YES;
				CLANG_WARN_INFINITE_RECURSION = YES;
				CLANG_WARN_INT_CONVERSION = YES;
				CLANG_WARN_NON_LITERAL_NULL_CONVERSION = YES;
				CLANG_WARN_OBJC_IMPLICIT_RETAIN_SELF = YES;
				CLANG_WARN_OBJC_LITERAL_CONVERSION = YES;
				CLANG_WARN_OBJC_ROOT_CLASS = YES_ERROR;
				CLANG_WARN_QUOTED_INCLUDE_IN_FRAMEWORK_HEADER = YES;
				CLANG_WARN_RANGE_LOOP_ANALYSIS = YES;
				CLANG_WARN_STRICT_PROTOTYPES = YES;
				CLANG_WARN_SUSPICIOUS_MOVE = YES;
				CLANG_WARN_UNGUARDED_AVAILABILITY = YES_AGGRESSIVE;
				CLANG_WARN_UNREACHABLE_CODE = YES;
				CLANG_WARN__DUPLICATE_METHOD_MATCH = YES;
				COPY_PHASE_STRIP = NO;
				DEBUG_INFORMATION_FORMAT = "dwarf-with-dsym";
				ENABLE_NS_ASSERTIONS = NO;
				ENABLE_STRICT_OBJC_MSGSEND = YES;
				GCC_C_LANGUAGE_STANDARD = gnu11;
				GCC_NO_COMMON_BLOCKS = YES;
				GCC_WARN_64_TO_32_BIT_CONVERSION = YES;
				GCC_WARN_ABOUT_RETURN_TYPE = YES_ERROR;
				GCC_WARN_UNDECLARED_SELECTOR = YES;
				GCC_WARN_UNINITIALIZED_AUTOS = YES_AGGRESSIVE;
				GCC_WARN_UNUSED_FUNCTION = YES;
				GCC_WARN_UNUSED_VARIABLE = YES;
				IPHONEOS_DEPLOYMENT_TARGET = 14.5;
				MTL_ENABLE_DEBUG_INFO = NO;
				MTL_FAST_MATH = YES;
				SDKROOT = iphoneos;
				SWIFT_COMPILATION_MODE = wholemodule;
				SWIFT_OPTIMIZATION_LEVEL = "-O";
				VALIDATE_PRODUCT = YES;
			};
			name = Release;
		};
		EBFEE4EF26EE663C00F1496D /* Debug */ = {
			isa = XCBuildConfiguration;
			buildSettings = {
				ASSETCATALOG_COMPILER_APPICON_NAME = AppIcon;
				ASSETCATALOG_COMPILER_GLOBAL_ACCENT_COLOR_NAME = AccentColor;
				CODE_SIGN_STYLE = Automatic;
				DEVELOPMENT_TEAM = D3DQBSL33L;
				INFOPLIST_FILE = DressesApp/Info.plist;
				LD_RUNPATH_SEARCH_PATHS = (
					"$(inherited)",
					"@executable_path/Frameworks",
				);
				PRODUCT_BUNDLE_IDENTIFIER = LambtonCollege.DressesApp;
				PRODUCT_NAME = "$(TARGET_NAME)";
				SWIFT_VERSION = 5.0;
				TARGETED_DEVICE_FAMILY = "1,2";
			};
			name = Debug;
		};
		EBFEE4F026EE663C00F1496D /* Release */ = {
			isa = XCBuildConfiguration;
			buildSettings = {
				ASSETCATALOG_COMPILER_APPICON_NAME = AppIcon;
				ASSETCATALOG_COMPILER_GLOBAL_ACCENT_COLOR_NAME = AccentColor;
				CODE_SIGN_STYLE = Automatic;
				DEVELOPMENT_TEAM = D3DQBSL33L;
				INFOPLIST_FILE = DressesApp/Info.plist;
				LD_RUNPATH_SEARCH_PATHS = (
					"$(inherited)",
					"@executable_path/Frameworks",
				);
				PRODUCT_BUNDLE_IDENTIFIER = LambtonCollege.DressesApp;
				PRODUCT_NAME = "$(TARGET_NAME)";
				SWIFT_VERSION = 5.0;
				TARGETED_DEVICE_FAMILY = "1,2";
			};
			name = Release;
		};
/* End XCBuildConfiguration section */

/* Begin XCConfigurationList section */
		EBFEE4D226EE663900F1496D /* Build configuration list for PBXProject "DressesApp" */ = {
			isa = XCConfigurationList;
			buildConfigurations = (
				EBFEE4EC26EE663C00F1496D /* Debug */,
				EBFEE4ED26EE663C00F1496D /* Release */,
			);
			defaultConfigurationIsVisible = 0;
			defaultConfigurationName = Release;
		};
		EBFEE4EE26EE663C00F1496D /* Build configuration list for PBXNativeTarget "DressesApp" */ = {
			isa = XCConfigurationList;
			buildConfigurations = (
				EBFEE4EF26EE663C00F1496D /* Debug */,
				EBFEE4F026EE663C00F1496D /* Release */,
			);
			defaultConfigurationIsVisible = 0;
			defaultConfigurationName = Release;
		};
/* End XCConfigurationList section */

/* Begin XCVersionGroup section */
		EBFEE4E326EE663900F1496D /* DressesApp.xcdatamodeld */ = {
			isa = XCVersionGroup;
			children = (
				EBFEE4E426EE663900F1496D /* DressesApp.xcdatamodel */,
			);
			currentVersion = EBFEE4E426EE663900F1496D /* DressesApp.xcdatamodel */;
			path = DressesApp.xcdatamodeld;
			sourceTree = "<group>";
			versionGroupType = wrapper.xcdatamodel;
		};
/* End XCVersionGroup section */
	};
	rootObject = EBFEE4CF26EE663900F1496D /* Project object */;
}
